
Microsoft Visual Studio Solution File, Format Version 12.00
# Visual Studio Version 17
VisualStudioVersion = 17.11.35312.102
MinimumVisualStudioVersion = 10.0.40219.1
Project("{FAE04EC0-301F-11D3-BF4B-00C04F79EFBC}") = "VShop.ProductApi", "VShop.ProductApi\VShop.ProductApi.csproj", "{C293E5F6-E043-4EEC-85F7-239139E43DA3}"
EndProject
Global
	GlobalSection(SolutionConfigurationPlatforms) = preSolution
		Debug|Any CPU = Debug|Any CPU
		Release|Any CPU = Release|Any CPU
	EndGlobalSection
	GlobalSection(ProjectConfigurationPlatforms) = postSolution
		{C293E5F6-E043-4EEC-85F7-239139E43DA3}.Debug|Any CPU.ActiveCfg = Debug|Any CPU
		{C293E5F6-E043-4EEC-85F7-239139E43DA3}.Debug|Any CPU.Build.0 = Debug|Any CPU
		{C293E5F6-E043-4EEC-85F7-239139E43DA3}.Release|Any CPU.ActiveCfg = Release|Any CPU
		{C293E5F6-E043-4EEC-85F7-239139E43DA3}.Release|Any CPU.Build.0 = Release|Any CPU
	EndGlobalSection
	GlobalSection(SolutionProperties) = preSolution
		HideSolutionNode = FALSE
	EndGlobalSection
	GlobalSection(ExtensibilityGlobals) = postSolution
		SolutionGuid = {09887AD1-94BB-441C-8F66-39EBA2D6A3D8}
	EndGlobalSection
EndGlobal
